
Microsoft Visual Studio Solution File, Format Version 12.00
# Visual Studio 2012
Project("{FAE04EC0-301F-11D3-BF4B-00C04F79EFBC}") = "Entidades", "IntegWeb.Entidades\Entidades.csproj", "{D2275F51-1452-4E87-875D-A83E3E2612CE}"
EndProject
Project("{FAE04EC0-301F-11D3-BF4B-00C04F79EFBC}") = "Framework", "IntegWeb.Framework\Framework.csproj", "{D13806FB-639B-4319-9699-C1A1658F2A17}"
EndProject
Project("{FAE04EC0-301F-11D3-BF4B-00C04F79EFBC}") = "Intranet.Aplicacao", "IntegWeb.Intranet.Aplicacao\Intranet.Aplicacao.csproj", "{0AA7EA63-1C25-4992-844B-1040D4A610AB}"
EndProject
Project("{FAE04EC0-301F-11D3-BF4B-00C04F79EFBC}") = "Intranet.Web", "IntegWeb.Intranet.Web\Intranet.Web.csproj", "{60483C86-18AD-4495-9F17-BB373CCFA4B3}"
	ProjectSection(ProjectDependencies) = postProject
		{E1E06DEA-1824-46C4-B96C-EE7F3B30568F} = {E1E06DEA-1824-46C4-B96C-EE7F3B30568F}
	EndProjectSection
EndProject
Project("{FAE04EC0-301F-11D3-BF4B-00C04F79EFBC}") = "Previdencia.Aplicacao", "IntegWeb.Previdencia.Aplicacao\Previdencia.Aplicacao.csproj", "{93597EDC-A54E-485D-AD0F-2432998F0161}"
EndProject
Project("{FAE04EC0-301F-11D3-BF4B-00C04F79EFBC}") = "Saude.Aplicacao", "IntegWeb.Saude.Aplicacao\Saude.Aplicacao.csproj", "{B2C58E5A-CE2B-4150-9F40-9C76D6D9AE77}"
EndProject
Project("{FAE04EC0-301F-11D3-BF4B-00C04F79EFBC}") = "Financeira.Aplicacao", "IntegWeb.Financeira.Aplicacao\Financeira.Aplicacao.csproj", "{E1E06DEA-1824-46C4-B96C-EE7F3B30568F}"
EndProject
Global
	GlobalSection(TeamFoundationVersionControl) = preSolution
		SccNumberOfProjects = 7
		SccEnterpriseProvider = {4CA58AB2-18FA-4F8D-95D4-32DDF27D184C}
		SccTeamFoundationServer = http://fcespwebd001:8080/tfs/funcespcollection
		SccProjectUniqueName0 = IntegWeb.Entidades\\Entidades.csproj
		SccProjectName0 = IntegWeb.Entidades
		SccAuxPath0 = http://fcespwebd001:8080/tfs/funcespcollection
		SccLocalPath0 = IntegWeb.Entidades
		SccProvider0 = {4CA58AB2-18FA-4F8D-95D4-32DDF27D184C}
		SccProjectUniqueName1 = IntegWeb.Framework\\Framework.csproj
		SccProjectName1 = IntegWeb.Framework
		SccAuxPath1 = http://fcespwebd001:8080/tfs/funcespcollection
		SccLocalPath1 = IntegWeb.Framework
		SccProvider1 = {4CA58AB2-18FA-4F8D-95D4-32DDF27D184C}
		SccProjectUniqueName2 = IntegWeb.Intranet.Aplicacao\\Intranet.Aplicacao.csproj
		SccProjectName2 = IntegWeb.Intranet.Aplicacao
		SccAuxPath2 = http://fcespwebd001:8080/tfs/funcespcollection
		SccLocalPath2 = IntegWeb.Intranet.Aplicacao
		SccProvider2 = {4CA58AB2-18FA-4F8D-95D4-32DDF27D184C}
		SccProjectUniqueName3 = IntegWeb.Intranet.Web\\Intranet.Web.csproj
		SccProjectName3 = IntegWeb.Intranet.Web
		SccAuxPath3 = http://fcespwebd001:8080/tfs/funcespcollection
		SccLocalPath3 = IntegWeb.Intranet.Web
		SccProvider3 = {4CA58AB2-18FA-4F8D-95D4-32DDF27D184C}
		SccProjectUniqueName4 = IntegWeb.Previdencia.Aplicacao\\Previdencia.Aplicacao.csproj
		SccProjectName4 = IntegWeb.Previdencia.Aplicacao
		SccAuxPath4 = http://fcespwebd001:8080/tfs/funcespcollection
		SccLocalPath4 = IntegWeb.Previdencia.Aplicacao
		SccProvider4 = {4CA58AB2-18FA-4F8D-95D4-32DDF27D184C}
		SccProjectUniqueName5 = IntegWeb.Saude.Aplicacao\\Saude.Aplicacao.csproj
		SccProjectName5 = IntegWeb.Saude.Aplicacao
		SccAuxPath5 = http://fcespwebd001:8080/tfs/funcespcollection
		SccLocalPath5 = IntegWeb.Saude.Aplicacao
		SccProvider5 = {4CA58AB2-18FA-4F8D-95D4-32DDF27D184C}
		SccProjectUniqueName6 = IntegWeb.Financeira.Aplicacao\\Financeira.Aplicacao.csproj
		SccProjectName6 = IntegWeb.Financeira.Aplicacao
		SccAuxPath6 = http://fcespwebd001:8080/tfs/funcespcollection
		SccLocalPath6 = IntegWeb.Financeira.Aplicacao
		SccProvider6 = {4CA58AB2-18FA-4F8D-95D4-32DDF27D184C}
	EndGlobalSection
	GlobalSection(SolutionConfigurationPlatforms) = preSolution
		Debug|Any CPU = Debug|Any CPU
		Debug|x86 = Debug|x86
		Release|Any CPU = Release|Any CPU
		Release|x86 = Release|x86
	EndGlobalSection
	GlobalSection(ProjectConfigurationPlatforms) = postSolution
		{D2275F51-1452-4E87-875D-A83E3E2612CE}.Debug|Any CPU.ActiveCfg = Debug|Any CPU
		{D2275F51-1452-4E87-875D-A83E3E2612CE}.Debug|Any CPU.Build.0 = Debug|Any CPU
		{D2275F51-1452-4E87-875D-A83E3E2612CE}.Debug|x86.ActiveCfg = Debug|x86
		{D2275F51-1452-4E87-875D-A83E3E2612CE}.Debug|x86.Build.0 = Debug|x86
		{D2275F51-1452-4E87-875D-A83E3E2612CE}.Release|Any CPU.ActiveCfg = Release|Any CPU
		{D2275F51-1452-4E87-875D-A83E3E2612CE}.Release|Any CPU.Build.0 = Release|Any CPU
		{D2275F51-1452-4E87-875D-A83E3E2612CE}.Release|x86.ActiveCfg = Release|x86
		{D2275F51-1452-4E87-875D-A83E3E2612CE}.Release|x86.Build.0 = Release|x86
		{D13806FB-639B-4319-9699-C1A1658F2A17}.Debug|Any CPU.ActiveCfg = Debug|Any CPU
		{D13806FB-639B-4319-9699-C1A1658F2A17}.Debug|Any CPU.Build.0 = Debug|Any CPU
		{D13806FB-639B-4319-9699-C1A1658F2A17}.Debug|x86.ActiveCfg = Debug|x86
		{D13806FB-639B-4319-9699-C1A1658F2A17}.Debug|x86.Build.0 = Debug|x86
		{D13806FB-639B-4319-9699-C1A1658F2A17}.Release|Any CPU.ActiveCfg = Release|Any CPU
		{D13806FB-639B-4319-9699-C1A1658F2A17}.Release|Any CPU.Build.0 = Release|Any CPU
		{D13806FB-639B-4319-9699-C1A1658F2A17}.Release|x86.ActiveCfg = Release|x86
		{D13806FB-639B-4319-9699-C1A1658F2A17}.Release|x86.Build.0 = Release|x86
		{0AA7EA63-1C25-4992-844B-1040D4A610AB}.Debug|Any CPU.ActiveCfg = Debug|Any CPU
		{0AA7EA63-1C25-4992-844B-1040D4A610AB}.Debug|Any CPU.Build.0 = Debug|Any CPU
		{0AA7EA63-1C25-4992-844B-1040D4A610AB}.Debug|x86.ActiveCfg = Debug|Any CPU
		{0AA7EA63-1C25-4992-844B-1040D4A610AB}.Release|Any CPU.ActiveCfg = Release|Any CPU
		{0AA7EA63-1C25-4992-844B-1040D4A610AB}.Release|Any CPU.Build.0 = Release|Any CPU
		{0AA7EA63-1C25-4992-844B-1040D4A610AB}.Release|x86.ActiveCfg = Release|Any CPU
		{60483C86-18AD-4495-9F17-BB373CCFA4B3}.Debug|Any CPU.ActiveCfg = Debug|Any CPU
		{60483C86-18AD-4495-9F17-BB373CCFA4B3}.Debug|Any CPU.Build.0 = Debug|Any CPU
		{60483C86-18AD-4495-9F17-BB373CCFA4B3}.Debug|x86.ActiveCfg = Debug|Any CPU
		{60483C86-18AD-4495-9F17-BB373CCFA4B3}.Release|Any CPU.ActiveCfg = Release|Any CPU
		{60483C86-18AD-4495-9F17-BB373CCFA4B3}.Release|Any CPU.Build.0 = Release|Any CPU
		{60483C86-18AD-4495-9F17-BB373CCFA4B3}.Release|x86.ActiveCfg = Release|Any CPU
		{93597EDC-A54E-485D-AD0F-2432998F0161}.Debug|Any CPU.ActiveCfg = Debug|Any CPU
		{93597EDC-A54E-485D-AD0F-2432998F0161}.Debug|Any CPU.Build.0 = Debug|Any CPU
		{93597EDC-A54E-485D-AD0F-2432998F0161}.Debug|x86.ActiveCfg = Debug|x86
		{93597EDC-A54E-485D-AD0F-2432998F0161}.Debug|x86.Build.0 = Debug|x86
		{93597EDC-A54E-485D-AD0F-2432998F0161}.Release|Any CPU.ActiveCfg = Release|Any CPU
		{93597EDC-A54E-485D-AD0F-2432998F0161}.Release|Any CPU.Build.0 = Release|Any CPU
		{93597EDC-A54E-485D-AD0F-2432998F0161}.Release|x86.ActiveCfg = Release|x86
		{93597EDC-A54E-485D-AD0F-2432998F0161}.Release|x86.Build.0 = Release|x86
		{B2C58E5A-CE2B-4150-9F40-9C76D6D9AE77}.Debug|Any CPU.ActiveCfg = Debug|Any CPU
		{B2C58E5A-CE2B-4150-9F40-9C76D6D9AE77}.Debug|Any CPU.Build.0 = Debug|Any CPU
		{B2C58E5A-CE2B-4150-9F40-9C76D6D9AE77}.Debug|x86.ActiveCfg = Debug|x86
		{B2C58E5A-CE2B-4150-9F40-9C76D6D9AE77}.Debug|x86.Build.0 = Debug|x86
		{B2C58E5A-CE2B-4150-9F40-9C76D6D9AE77}.Release|Any CPU.ActiveCfg = Release|Any CPU
		{B2C58E5A-CE2B-4150-9F40-9C76D6D9AE77}.Release|Any CPU.Build.0 = Release|Any CPU
		{B2C58E5A-CE2B-4150-9F40-9C76D6D9AE77}.Release|x86.ActiveCfg = Release|x86
		{B2C58E5A-CE2B-4150-9F40-9C76D6D9AE77}.Release|x86.Build.0 = Release|x86
		{E1E06DEA-1824-46C4-B96C-EE7F3B30568F}.Debug|Any CPU.ActiveCfg = Debug|Any CPU
		{E1E06DEA-1824-46C4-B96C-EE7F3B30568F}.Debug|Any CPU.Build.0 = Debug|Any CPU
		{E1E06DEA-1824-46C4-B96C-EE7F3B30568F}.Debug|x86.ActiveCfg = Debug|x86
		{E1E06DEA-1824-46C4-B96C-EE7F3B30568F}.Debug|x86.Build.0 = Debug|x86
		{E1E06DEA-1824-46C4-B96C-EE7F3B30568F}.Release|Any CPU.ActiveCfg = Release|Any CPU
		{E1E06DEA-1824-46C4-B96C-EE7F3B30568F}.Release|Any CPU.Build.0 = Release|Any CPU
		{E1E06DEA-1824-46C4-B96C-EE7F3B30568F}.Release|x86.ActiveCfg = Release|x86
		{E1E06DEA-1824-46C4-B96C-EE7F3B30568F}.Release|x86.Build.0 = Release|x86
	EndGlobalSection
	GlobalSection(SolutionProperties) = preSolution
		HideSolutionNode = FALSE
	EndGlobalSection
EndGlobal
