
Microsoft Visual Studio Solution File, Format Version 12.00
# Visual Studio 2012
Project("{FAE04EC0-301F-11D3-BF4B-00C04F79EFBC}") = "Robot", "IntegWeb.Robot\Robot.Controller\Robot.csproj", "{4943AC1F-281C-4966-A2C8-6B72A677D3A2}"
EndProject
Project("{FAE04EC0-301F-11D3-BF4B-00C04F79EFBC}") = "Robot.Schedule", "IntegWeb.Robot\Robot.Schedule\Robot.Schedule.csproj", "{034E69EF-EABB-43C4-AE7E-80875984FC84}"
EndProject
Project("{FAE04EC0-301F-11D3-BF4B-00C04F79EFBC}") = "Robot.Framework", "IntegWeb.Robot\Robot.Framework\Robot.Framework.csproj", "{6274A233-CEA1-404E-BAFD-228E4AFF73E0}"
EndProject
Project("{FAE04EC0-301F-11D3-BF4B-00C04F79EFBC}") = "Previdencia.Aplicacao", "IntegWeb.Previdencia.Aplicacao\Previdencia.Aplicacao.csproj", "{93597EDC-A54E-485D-AD0F-2432998F0161}"
EndProject
Project("{FAE04EC0-301F-11D3-BF4B-00C04F79EFBC}") = "Robot.TrocaArquivo", "IntegWeb.Robot\Robot.TrocaArquivo\Robot.TrocaArquivo.csproj", "{B1598A8F-0E60-4D04-BB68-78155FEF7664}"
EndProject
Project("{FAE04EC0-301F-11D3-BF4B-00C04F79EFBC}") = "Robot.ServiceManager", "IntegWeb.Robot\Robot.ServiceManager\Robot.ServiceManager.csproj", "{67699A0C-7DFF-4311-90F1-2541E27C1C1B}"
EndProject
Project("{FAE04EC0-301F-11D3-BF4B-00C04F79EFBC}") = "Framework", "IntegWeb.Framework\Framework.csproj", "{D13806FB-639B-4319-9699-C1A1658F2A17}"
EndProject
Global
	GlobalSection(TeamFoundationVersionControl) = preSolution
		SccNumberOfProjects = 2
		SccEnterpriseProvider = {4CA58AB2-18FA-4F8D-95D4-32DDF27D184C}
		SccTeamFoundationServer = http://fcespwebd001:8080/tfs/funcespcollection
		SccProjectUniqueName0 = IntegWeb.Previdencia.Aplicacao\\Previdencia.Aplicacao.csproj
		SccProjectName0 = IntegWeb.Previdencia.Aplicacao
		SccAuxPath0 = http://fcespwebd001:8080/tfs/funcespcollection
		SccLocalPath0 = IntegWeb.Previdencia.Aplicacao
		SccProvider0 = {4CA58AB2-18FA-4F8D-95D4-32DDF27D184C}
		SccProjectUniqueName1 = IntegWeb.Framework\\Framework.csproj
		SccProjectName1 = IntegWeb.Framework
		SccAuxPath1 = http://fcespwebd001:8080/tfs/funcespcollection
		SccLocalPath1 = IntegWeb.Framework
		SccProvider1 = {4CA58AB2-18FA-4F8D-95D4-32DDF27D184C}
	EndGlobalSection
	GlobalSection(SolutionConfigurationPlatforms) = preSolution
		Debug|Any CPU = Debug|Any CPU
		Debug|x86 = Debug|x86
		Release|Any CPU = Release|Any CPU
		Release|x86 = Release|x86
	EndGlobalSection
	GlobalSection(ProjectConfigurationPlatforms) = postSolution
		{4943AC1F-281C-4966-A2C8-6B72A677D3A2}.Debug|Any CPU.ActiveCfg = Debug|Any CPU
		{4943AC1F-281C-4966-A2C8-6B72A677D3A2}.Debug|Any CPU.Build.0 = Debug|Any CPU
		{4943AC1F-281C-4966-A2C8-6B72A677D3A2}.Debug|x86.ActiveCfg = Debug|Any CPU
		{4943AC1F-281C-4966-A2C8-6B72A677D3A2}.Release|Any CPU.ActiveCfg = Release|Any CPU
		{4943AC1F-281C-4966-A2C8-6B72A677D3A2}.Release|Any CPU.Build.0 = Release|Any CPU
		{4943AC1F-281C-4966-A2C8-6B72A677D3A2}.Release|x86.ActiveCfg = Release|Any CPU
		{034E69EF-EABB-43C4-AE7E-80875984FC84}.Debug|Any CPU.ActiveCfg = Debug|Any CPU
		{034E69EF-EABB-43C4-AE7E-80875984FC84}.Debug|Any CPU.Build.0 = Debug|Any CPU
		{034E69EF-EABB-43C4-AE7E-80875984FC84}.Debug|x86.ActiveCfg = Debug|Any CPU
		{034E69EF-EABB-43C4-AE7E-80875984FC84}.Release|Any CPU.ActiveCfg = Release|Any CPU
		{034E69EF-EABB-43C4-AE7E-80875984FC84}.Release|Any CPU.Build.0 = Release|Any CPU
		{034E69EF-EABB-43C4-AE7E-80875984FC84}.Release|x86.ActiveCfg = Release|Any CPU
		{6274A233-CEA1-404E-BAFD-228E4AFF73E0}.Debug|Any CPU.ActiveCfg = Debug|Any CPU
		{6274A233-CEA1-404E-BAFD-228E4AFF73E0}.Debug|Any CPU.Build.0 = Debug|Any CPU
		{6274A233-CEA1-404E-BAFD-228E4AFF73E0}.Debug|x86.ActiveCfg = Debug|Any CPU
		{6274A233-CEA1-404E-BAFD-228E4AFF73E0}.Release|Any CPU.ActiveCfg = Release|Any CPU
		{6274A233-CEA1-404E-BAFD-228E4AFF73E0}.Release|Any CPU.Build.0 = Release|Any CPU
		{6274A233-CEA1-404E-BAFD-228E4AFF73E0}.Release|x86.ActiveCfg = Release|Any CPU
		{93597EDC-A54E-485D-AD0F-2432998F0161}.Debug|Any CPU.ActiveCfg = Debug|Any CPU
		{93597EDC-A54E-485D-AD0F-2432998F0161}.Debug|Any CPU.Build.0 = Debug|Any CPU
		{93597EDC-A54E-485D-AD0F-2432998F0161}.Debug|x86.ActiveCfg = Debug|x86
		{93597EDC-A54E-485D-AD0F-2432998F0161}.Debug|x86.Build.0 = Debug|x86
		{93597EDC-A54E-485D-AD0F-2432998F0161}.Release|Any CPU.ActiveCfg = Release|Any CPU
		{93597EDC-A54E-485D-AD0F-2432998F0161}.Release|Any CPU.Build.0 = Release|Any CPU
		{93597EDC-A54E-485D-AD0F-2432998F0161}.Release|x86.ActiveCfg = Release|x86
		{93597EDC-A54E-485D-AD0F-2432998F0161}.Release|x86.Build.0 = Release|x86
		{B1598A8F-0E60-4D04-BB68-78155FEF7664}.Debug|Any CPU.ActiveCfg = Debug|Any CPU
		{B1598A8F-0E60-4D04-BB68-78155FEF7664}.Debug|Any CPU.Build.0 = Debug|Any CPU
		{B1598A8F-0E60-4D04-BB68-78155FEF7664}.Debug|x86.ActiveCfg = Debug|Any CPU
		{B1598A8F-0E60-4D04-BB68-78155FEF7664}.Release|Any CPU.ActiveCfg = Release|Any CPU
		{B1598A8F-0E60-4D04-BB68-78155FEF7664}.Release|Any CPU.Build.0 = Release|Any CPU
		{B1598A8F-0E60-4D04-BB68-78155FEF7664}.Release|x86.ActiveCfg = Release|Any CPU
		{67699A0C-7DFF-4311-90F1-2541E27C1C1B}.Debug|Any CPU.ActiveCfg = Debug|Any CPU
		{67699A0C-7DFF-4311-90F1-2541E27C1C1B}.Debug|Any CPU.Build.0 = Debug|Any CPU
		{67699A0C-7DFF-4311-90F1-2541E27C1C1B}.Debug|x86.ActiveCfg = Debug|Any CPU
		{67699A0C-7DFF-4311-90F1-2541E27C1C1B}.Release|Any CPU.ActiveCfg = Release|Any CPU
		{67699A0C-7DFF-4311-90F1-2541E27C1C1B}.Release|Any CPU.Build.0 = Release|Any CPU
		{67699A0C-7DFF-4311-90F1-2541E27C1C1B}.Release|x86.ActiveCfg = Release|Any CPU
		{D13806FB-639B-4319-9699-C1A1658F2A17}.Debug|Any CPU.ActiveCfg = Debug|Any CPU
		{D13806FB-639B-4319-9699-C1A1658F2A17}.Debug|Any CPU.Build.0 = Debug|Any CPU
		{D13806FB-639B-4319-9699-C1A1658F2A17}.Debug|x86.ActiveCfg = Debug|x86
		{D13806FB-639B-4319-9699-C1A1658F2A17}.Debug|x86.Build.0 = Debug|x86
		{D13806FB-639B-4319-9699-C1A1658F2A17}.Release|Any CPU.ActiveCfg = Release|Any CPU
		{D13806FB-639B-4319-9699-C1A1658F2A17}.Release|Any CPU.Build.0 = Release|Any CPU
		{D13806FB-639B-4319-9699-C1A1658F2A17}.Release|x86.ActiveCfg = Release|x86
		{D13806FB-639B-4319-9699-C1A1658F2A17}.Release|x86.Build.0 = Release|x86
	EndGlobalSection
	GlobalSection(SolutionProperties) = preSolution
		HideSolutionNode = FALSE
	EndGlobalSection
EndGlobal
