
Microsoft Visual Studio Solution File, Format Version 12.00
# Visual Studio 2012
Project("{FAE04EC0-301F-11D3-BF4B-00C04F79EFBC}") = "Servico_envio_email_aniversarios", "Servico_envio_email_aniversarios\Servico_envio_email_aniversarios.csproj", "{331EEA08-176C-4B77-BBEE-FE50EA914F29}"
EndProject
Global
	GlobalSection(TeamFoundationVersionControl) = preSolution
		SccNumberOfProjects = 2
		SccEnterpriseProvider = {4CA58AB2-18FA-4F8D-95D4-32DDF27D184C}
		SccTeamFoundationServer = http://fcespwebd001:8080/tfs/funcespcollection
		SccLocalPath0 = .
		SccProjectUniqueName1 = Servico_envio_email_aniversarios\\Servico_envio_email_aniversarios.csproj
		SccProjectName1 = Servico_envio_email_aniversarios
		SccLocalPath1 = Servico_envio_email_aniversarios
	EndGlobalSection
	GlobalSection(SolutionConfigurationPlatforms) = preSolution
		Debug|Any CPU = Debug|Any CPU
		Release|Any CPU = Release|Any CPU
	EndGlobalSection
	GlobalSection(ProjectConfigurationPlatforms) = postSolution
		{331EEA08-176C-4B77-BBEE-FE50EA914F29}.Debug|Any CPU.ActiveCfg = Debug|Any CPU
		{331EEA08-176C-4B77-BBEE-FE50EA914F29}.Debug|Any CPU.Build.0 = Debug|Any CPU
		{331EEA08-176C-4B77-BBEE-FE50EA914F29}.Release|Any CPU.ActiveCfg = Release|Any CPU
		{331EEA08-176C-4B77-BBEE-FE50EA914F29}.Release|Any CPU.Build.0 = Release|Any CPU
	EndGlobalSection
	GlobalSection(SolutionProperties) = preSolution
		HideSolutionNode = FALSE
	EndGlobalSection
EndGlobal
